<Solution>
  <Project Path="Sia.Engine/Sia.Engine.csproj" />
  <Project Path="Sia.Camera/Sia.Camera.csproj" />
  <Project Path="Sia.Light/Sia.Light.csproj" />
  <Project Path="Sia.Mesh/Sia.Mesh.csproj" />
  <Project Path="Sia.Rendering/Sia.Rendering.csproj" />
  <Project Path="Sia.Rendering.Pbr/Sia.Rendering.Pbr.csproj" />
  <Project Path="Sia.UI/Sia.UI.csproj" />
  <Project Path="Sia.Asset/Sia.Asset.csproj" />
  <Project Path="Sia.Asset.CodeGenerators/Sia.Asset.CodeGenerators.csproj" />
</Solution>
